# This file is automatically @generated by Cargo.
# It is not intended for manual editing.
version = 4

[[package]]
name = "shx"
version = "0.0.0"
dependencies = [
 "shx-config",
 "shx-core",
 "shx-llm",
 "shx-memory",
]

[[package]]
name = "shx-config"
version = "0.0.0"
dependencies = [
 "shx-core",
]

[[package]]
name = "shx-core"
version = "0.0.0"

[[package]]
name = "shx-llm"
version = "0.0.0"
dependencies = [
 "shx-core",
]

[[package]]
name = "shx-memory"
version = "0.0.0"
dependencies = [
 "shx-core",
]

[[package]]
name = "xtask"
version = "0.0.0"
